// !$*UTF8*$!
{
	archiveVersion = 1;
	classes = {
	};
	objectVersion = 46;
	objects = {

/* Begin PBXBuildFile section */
		100913871DD25C400050AE43 /* AppDelegate.swift in Sources */ = {isa = PBXBuildFile; fileRef = 100913861DD25C400050AE43 /* AppDelegate.swift */; };
		100913891DD25C400050AE43 /* ViewController.swift in Sources */ = {isa = PBXBuildFile; fileRef = 100913881DD25C400050AE43 /* ViewController.swift */; };
		1009138C1DD25C400050AE43 /* Main.storyboard in Resources */ = {isa = PBXBuildFile; fileRef = 1009138A1DD25C400050AE43 /* Main.storyboard */; };
		1009138F1DD25C410050AE43 /* d214Pathways.xcdatamodeld in Sources */ = {isa = PBXBuildFile; fileRef = 1009138D1DD25C410050AE43 /* d214Pathways.xcdatamodeld */; };
		100913911DD25C410050AE43 /* Assets.xcassets in Resources */ = {isa = PBXBuildFile; fileRef = 100913901DD25C410050AE43 /* Assets.xcassets */; };
		100913941DD25C410050AE43 /* LaunchScreen.storyboard in Resources */ = {isa = PBXBuildFile; fileRef = 100913921DD25C410050AE43 /* LaunchScreen.storyboard */; };
		1015E7581DF0B47D008E4EFF /* FourthViewController.swift in Sources */ = {isa = PBXBuildFile; fileRef = 1015E7571DF0B47D008E4EFF /* FourthViewController.swift */; };
		103E3A371DEF63C200BCE4F2 /* Classes+CoreDataProperties.swift in Sources */ = {isa = PBXBuildFile; fileRef = 103E3A361DEF63C200BCE4F2 /* Classes+CoreDataProperties.swift */; };
		103E3A391DEF63C600BCE4F2 /* Classes.swift in Sources */ = {isa = PBXBuildFile; fileRef = 103E3A381DEF63C600BCE4F2 /* Classes.swift */; };
		103E47641DD3AF8800B4159A /* Alamofire.framework in Frameworks */ = {isa = PBXBuildFile; fileRef = 103E47631DD3AF8800B4159A /* Alamofire.framework */; };
		103E47661DD3AF8C00B4159A /* SwiftyJSON.framework in Frameworks */ = {isa = PBXBuildFile; fileRef = 103E47651DD3AF8C00B4159A /* SwiftyJSON.framework */; };
		104CB6DF1DEE0D07008B6010 /* ThirdViewController.swift in Sources */ = {isa = PBXBuildFile; fileRef = 104CB6DE1DEE0D07008B6010 /* ThirdViewController.swift */; };
		1061B5A61DDF8A39000AC86F /* SecondViewController.swift in Sources */ = {isa = PBXBuildFile; fileRef = 1061B5A51DDF8A39000AC86F /* SecondViewController.swift */; };
		10C749211DF5F3A6006ED69D /* FifthViewController.swift in Sources */ = {isa = PBXBuildFile; fileRef = 10C749201DF5F3A6006ED69D /* FifthViewController.swift */; };
		10D86D631DF89A8B00CCBE08 /* welcomelogo.jpeg in Resources */ = {isa = PBXBuildFile; fileRef = 10D86D621DF89A8B00CCBE08 /* welcomelogo.jpeg */; };
		10D86D651DF89A9A00CCBE08 /* backgroundlogo.jpeg in Resources */ = {isa = PBXBuildFile; fileRef = 10D86D641DF89A9A00CCBE08 /* backgroundlogo.jpeg */; };
		16E6BE269022B8667FC442E3 /* Pods_d214Pathways.framework in Frameworks */ = {isa = PBXBuildFile; fileRef = 3EDFC704CC5E653A62F62DD7 /* Pods_d214Pathways.framework */; };
/* End PBXBuildFile section */

/* Begin PBXFileReference section */
		100913831DD25C400050AE43 /* d214Pathways.app */ = {isa = PBXFileReference; explicitFileType = wrapper.application; includeInIndex = 0; path = d214Pathways.app; sourceTree = BUILT_PRODUCTS_DIR; };
		100913861DD25C400050AE43 /* AppDelegate.swift */ = {isa = PBXFileReference; lastKnownFileType = sourcecode.swift; path = AppDelegate.swift; sourceTree = "<group>"; };
		100913881DD25C400050AE43 /* ViewController.swift */ = {isa = PBXFileReference; lastKnownFileType = sourcecode.swift; path = ViewController.swift; sourceTree = "<group>"; };
		1009138B1DD25C400050AE43 /* Base */ = {isa = PBXFileReference; lastKnownFileType = file.storyboard; name = Base; path = Base.lproj/Main.storyboard; sourceTree = "<group>"; };
		1009138E1DD25C410050AE43 /* d214Pathways.xcdatamodel */ = {isa = PBXFileReference; lastKnownFileType = wrapper.xcdatamodel; path = d214Pathways.xcdatamodel; sourceTree = "<group>"; };
		100913901DD25C410050AE43 /* Assets.xcassets */ = {isa = PBXFileReference; lastKnownFileType = folder.assetcatalog; path = Assets.xcassets; sourceTree = "<group>"; };
		100913931DD25C410050AE43 /* Base */ = {isa = PBXFileReference; lastKnownFileType = file.storyboard; name = Base; path = Base.lproj/LaunchScreen.storyboard; sourceTree = "<group>"; };
		100913951DD25C410050AE43 /* Info.plist */ = {isa = PBXFileReference; lastKnownFileType = text.plist.xml; path = Info.plist; sourceTree = "<group>"; };
		1015E7571DF0B47D008E4EFF /* FourthViewController.swift */ = {isa = PBXFileReference; fileEncoding = 4; lastKnownFileType = sourcecode.swift; path = FourthViewController.swift; sourceTree = "<group>"; };
		103E3A361DEF63C200BCE4F2 /* Classes+CoreDataProperties.swift */ = {isa = PBXFileReference; fileEncoding = 4; lastKnownFileType = sourcecode.swift; path = "Classes+CoreDataProperties.swift"; sourceTree = "<group>"; };
		103E3A381DEF63C600BCE4F2 /* Classes.swift */ = {isa = PBXFileReference; fileEncoding = 4; lastKnownFileType = sourcecode.swift; path = Classes.swift; sourceTree = "<group>"; };
		103E47631DD3AF8800B4159A /* Alamofire.framework */ = {isa = PBXFileReference; lastKnownFileType = wrapper.framework; name = Alamofire.framework; path = "../../../Library/Developer/Xcode/DerivedData/d214Pathways-fobvwkynhejyvcehgecklbejmutu/Build/Products/Debug-iphonesimulator/Alamofire/Alamofire.framework"; sourceTree = "<group>"; };
		103E47651DD3AF8C00B4159A /* SwiftyJSON.framework */ = {isa = PBXFileReference; lastKnownFileType = wrapper.framework; name = SwiftyJSON.framework; path = "../../../Library/Developer/Xcode/DerivedData/d214Pathways-fobvwkynhejyvcehgecklbejmutu/Build/Products/Debug-iphonesimulator/SwiftyJSON/SwiftyJSON.framework"; sourceTree = "<group>"; };
		104CB6DE1DEE0D07008B6010 /* ThirdViewController.swift */ = {isa = PBXFileReference; fileEncoding = 4; lastKnownFileType = sourcecode.swift; path = ThirdViewController.swift; sourceTree = "<group>"; };
		1061B5A51DDF8A39000AC86F /* SecondViewController.swift */ = {isa = PBXFileReference; fileEncoding = 4; lastKnownFileType = sourcecode.swift; path = SecondViewController.swift; sourceTree = "<group>"; };
		10C749201DF5F3A6006ED69D /* FifthViewController.swift */ = {isa = PBXFileReference; fileEncoding = 4; lastKnownFileType = sourcecode.swift; path = FifthViewController.swift; sourceTree = "<group>"; };
		10D86D621DF89A8B00CCBE08 /* welcomelogo.jpeg */ = {isa = PBXFileReference; lastKnownFileType = image.jpeg; path = welcomelogo.jpeg; sourceTree = "<group>"; };
		10D86D641DF89A9A00CCBE08 /* backgroundlogo.jpeg */ = {isa = PBXFileReference; lastKnownFileType = image.jpeg; path = backgroundlogo.jpeg; sourceTree = "<group>"; };
		2C1BEC7A55AEBA070F5B168F /* Pods-d214Pathways.release.xcconfig */ = {isa = PBXFileReference; includeInIndex = 1; lastKnownFileType = text.xcconfig; name = "Pods-d214Pathways.release.xcconfig"; path = "Pods/Target Support Files/Pods-d214Pathways/Pods-d214Pathways.release.xcconfig"; sourceTree = "<group>"; };
		3EDFC704CC5E653A62F62DD7 /* Pods_d214Pathways.framework */ = {isa = PBXFileReference; explicitFileType = wrapper.framework; includeInIndex = 0; path = Pods_d214Pathways.framework; sourceTree = BUILT_PRODUCTS_DIR; };
		AA428ED891D6D118B7CF3E7D /* Pods-d214Pathways.debug.xcconfig */ = {isa = PBXFileReference; includeInIndex = 1; lastKnownFileType = text.xcconfig; name = "Pods-d214Pathways.debug.xcconfig"; path = "Pods/Target Support Files/Pods-d214Pathways/Pods-d214Pathways.debug.xcconfig"; sourceTree = "<group>"; };
/* End PBXFileReference section */

/* Begin PBXFrameworksBuildPhase section */
		100913801DD25C400050AE43 /* Frameworks */ = {
			isa = PBXFrameworksBuildPhase;
			buildActionMask = 2147483647;
			files = (
				103E47661DD3AF8C00B4159A /* SwiftyJSON.framework in Frameworks */,
				103E47641DD3AF8800B4159A /* Alamofire.framework in Frameworks */,
				16E6BE269022B8667FC442E3 /* Pods_d214Pathways.framework in Frameworks */,
			);
			runOnlyForDeploymentPostprocessing = 0;
		};
/* End PBXFrameworksBuildPhase section */

/* Begin PBXGroup section */
		1009137A1DD25C400050AE43 = {
			isa = PBXGroup;
			children = (
				103E3A361DEF63C200BCE4F2 /* Classes+CoreDataProperties.swift */,
				103E3A381DEF63C600BCE4F2 /* Classes.swift */,
				100913851DD25C400050AE43 /* d214Pathways */,
				100913841DD25C400050AE43 /* Products */,
				2F486B2CE591479E70931DF3 /* Pods */,
				8DDD033AC6EE2BB4BE8F1373 /* Frameworks */,
			);
			sourceTree = "<group>";
		};
		100913841DD25C400050AE43 /* Products */ = {
			isa = PBXGroup;
			children = (
				100913831DD25C400050AE43 /* d214Pathways.app */,
			);
			name = Products;
			sourceTree = "<group>";
		};
		100913851DD25C400050AE43 /* d214Pathways */ = {
			isa = PBXGroup;
			children = (
				100913861DD25C400050AE43 /* AppDelegate.swift */,
				1009138A1DD25C400050AE43 /* Main.storyboard */,
				100913881DD25C400050AE43 /* ViewController.swift */,
				1061B5A51DDF8A39000AC86F /* SecondViewController.swift */,
				104CB6DE1DEE0D07008B6010 /* ThirdViewController.swift */,
				1015E7571DF0B47D008E4EFF /* FourthViewController.swift */,
				10C749201DF5F3A6006ED69D /* FifthViewController.swift */,
				10D86D621DF89A8B00CCBE08 /* welcomelogo.jpeg */,
				10D86D641DF89A9A00CCBE08 /* backgroundlogo.jpeg */,
				100913901DD25C410050AE43 /* Assets.xcassets */,
				100913921DD25C410050AE43 /* LaunchScreen.storyboard */,
				100913951DD25C410050AE43 /* Info.plist */,
				1009138D1DD25C410050AE43 /* d214Pathways.xcdatamodeld */,
			);
			path = d214Pathways;
			sourceTree = "<group>";
		};
		2F486B2CE591479E70931DF3 /* Pods */ = {
			isa = PBXGroup;
			children = (
				AA428ED891D6D118B7CF3E7D /* Pods-d214Pathways.debug.xcconfig */,
				2C1BEC7A55AEBA070F5B168F /* Pods-d214Pathways.release.xcconfig */,
			);
			name = Pods;
			sourceTree = "<group>";
		};
		8DDD033AC6EE2BB4BE8F1373 /* Frameworks */ = {
			isa = PBXGroup;
			children = (
				103E47651DD3AF8C00B4159A /* SwiftyJSON.framework */,
				103E47631DD3AF8800B4159A /* Alamofire.framework */,
				3EDFC704CC5E653A62F62DD7 /* Pods_d214Pathways.framework */,
			);
			name = Frameworks;
			sourceTree = "<group>";
		};
/* End PBXGroup section */

/* Begin PBXNativeTarget section */
		100913821DD25C400050AE43 /* d214Pathways */ = {
			isa = PBXNativeTarget;
			buildConfigurationList = 100913981DD25C410050AE43 /* Build configuration list for PBXNativeTarget "d214Pathways" */;
			buildPhases = (
				49777D08B220659245B42FC2 /* [CP] Check Pods Manifest.lock */,
				1009137F1DD25C400050AE43 /* Sources */,
				100913801DD25C400050AE43 /* Frameworks */,
				100913811DD25C400050AE43 /* Resources */,
				7294686EDAEB04B789A9D12B /* [CP] Embed Pods Frameworks */,
				72CACA00FC7E275A7A6890DE /* [CP] Copy Pods Resources */,
			);
			buildRules = (
			);
			dependencies = (
			);
			name = d214Pathways;
			productName = d214Pathways;
			productReference = 100913831DD25C400050AE43 /* d214Pathways.app */;
			productType = "com.apple.product-type.application";
		};
/* End PBXNativeTarget section */

/* Begin PBXProject section */
		1009137B1DD25C400050AE43 /* Project object */ = {
			isa = PBXProject;
			attributes = {
				LastSwiftUpdateCheck = 0730;
				LastUpgradeCheck = 0730;
				ORGANIZATIONNAME = apcsp;
				TargetAttributes = {
					100913821DD25C400050AE43 = {
						CreatedOnToolsVersion = 7.3.1;
						DevelopmentTeam = 872GT86F49;
					};
				};
			};
			buildConfigurationList = 1009137E1DD25C400050AE43 /* Build configuration list for PBXProject "d214Pathways" */;
			compatibilityVersion = "Xcode 3.2";
			developmentRegion = English;
			hasScannedForEncodings = 0;
			knownRegions = (
				en,
				Base,
			);
			mainGroup = 1009137A1DD25C400050AE43;
			productRefGroup = 100913841DD25C400050AE43 /* Products */;
			projectDirPath = "";
			projectRoot = "";
			targets = (
				100913821DD25C400050AE43 /* d214Pathways */,
			);
		};
/* End PBXProject section */

/* Begin PBXResourcesBuildPhase section */
		100913811DD25C400050AE43 /* Resources */ = {
			isa = PBXResourcesBuildPhase;
			buildActionMask = 2147483647;
			files = (
				100913941DD25C410050AE43 /* LaunchScreen.storyboard in Resources */,
				10D86D631DF89A8B00CCBE08 /* welcomelogo.jpeg in Resources */,
				100913911DD25C410050AE43 /* Assets.xcassets in Resources */,
				1009138C1DD25C400050AE43 /* Main.storyboard in Resources */,
				10D86D651DF89A9A00CCBE08 /* backgroundlogo.jpeg in Resources */,
			);
			runOnlyForDeploymentPostprocessing = 0;
		};
/* End PBXResourcesBuildPhase section */

/* Begin PBXShellScriptBuildPhase section */
		49777D08B220659245B42FC2 /* [CP] Check Pods Manifest.lock */ = {
			isa = PBXShellScriptBuildPhase;
			buildActionMask = 2147483647;
			files = (
			);
			inputPaths = (
			);
			name = "[CP] Check Pods Manifest.lock";
			outputPaths = (
			);
			runOnlyForDeploymentPostprocessing = 0;
			shellPath = /bin/sh;
			shellScript = "diff \"${PODS_ROOT}/../Podfile.lock\" \"${PODS_ROOT}/Manifest.lock\" > /dev/null\nif [[ $? != 0 ]] ; then\n    cat << EOM\nerror: The sandbox is not in sync with the Podfile.lock. Run 'pod install' or update your CocoaPods installation.\nEOM\n    exit 1\nfi\n";
			showEnvVarsInLog = 0;
		};
		7294686EDAEB04B789A9D12B /* [CP] Embed Pods Frameworks */ = {
			isa = PBXShellScriptBuildPhase;
			buildActionMask = 2147483647;
			files = (
			);
			inputPaths = (
			);
			name = "[CP] Embed Pods Frameworks";
			outputPaths = (
			);
			runOnlyForDeploymentPostprocessing = 0;
			shellPath = /bin/sh;
			shellScript = "\"${SRCROOT}/Pods/Target Support Files/Pods-d214Pathways/Pods-d214Pathways-frameworks.sh\"\n";
			showEnvVarsInLog = 0;
		};
		72CACA00FC7E275A7A6890DE /* [CP] Copy Pods Resources */ = {
			isa = PBXShellScriptBuildPhase;
			buildActionMask = 2147483647;
			files = (
			);
			inputPaths = (
			);
			name = "[CP] Copy Pods Resources";
			outputPaths = (
			);
			runOnlyForDeploymentPostprocessing = 0;
			shellPath = /bin/sh;
			shellScript = "\"${SRCROOT}/Pods/Target Support Files/Pods-d214Pathways/Pods-d214Pathways-resources.sh\"\n";
			showEnvVarsInLog = 0;
		};
/* End PBXShellScriptBuildPhase section */

/* Begin PBXSourcesBuildPhase section */
		1009137F1DD25C400050AE43 /* Sources */ = {
			isa = PBXSourcesBuildPhase;
			buildActionMask = 2147483647;
			files = (
				10C749211DF5F3A6006ED69D /* FifthViewController.swift in Sources */,
				1061B5A61DDF8A39000AC86F /* SecondViewController.swift in Sources */,
				103E3A391DEF63C600BCE4F2 /* Classes.swift in Sources */,
				100913891DD25C400050AE43 /* ViewController.swift in Sources */,
				103E3A371DEF63C200BCE4F2 /* Classes+CoreDataProperties.swift in Sources */,
				1015E7581DF0B47D008E4EFF /* FourthViewController.swift in Sources */,
				104CB6DF1DEE0D07008B6010 /* ThirdViewController.swift in Sources */,
				100913871DD25C400050AE43 /* AppDelegate.swift in Sources */,
				1009138F1DD25C410050AE43 /* d214Pathways.xcdatamodeld in Sources */,
			);
			runOnlyForDeploymentPostprocessing = 0;
		};
/* End PBXSourcesBuildPhase section */

/* Begin PBXVariantGroup section */
		1009138A1DD25C400050AE43 /* Main.storyboard */ = {
			isa = PBXVariantGroup;
			children = (
				1009138B1DD25C400050AE43 /* Base */,
			);
			name = Main.storyboard;
			sourceTree = "<group>";
		};
		100913921DD25C410050AE43 /* LaunchScreen.storyboard */ = {
			isa = PBXVariantGroup;
			children = (
				100913931DD25C410050AE43 /* Base */,
			);
			name = LaunchScreen.storyboard;
			sourceTree = "<group>";
		};
/* End PBXVariantGroup section */

/* Begin XCBuildConfiguration section */
		100913961DD25C410050AE43 /* Debug */ = {
			isa = XCBuildConfiguration;
			buildSettings = {
				ALWAYS_SEARCH_USER_PATHS = NO;
				CLANG_ANALYZER_NONNULL = YES;
				CLANG_CXX_LANGUAGE_STANDARD = "gnu++0x";
				CLANG_CXX_LIBRARY = "libc++";
				CLANG_ENABLE_MODULES = YES;
				CLANG_ENABLE_OBJC_ARC = YES;
				CLANG_WARN_BOOL_CONVERSION = YES;
				CLANG_WARN_CONSTANT_CONVERSION = YES;
				CLANG_WARN_DIRECT_OBJC_ISA_USAGE = YES_ERROR;
				CLANG_WARN_EMPTY_BODY = YES;
				CLANG_WARN_ENUM_CONVERSION = YES;
				CLANG_WARN_INT_CONVERSION = YES;
				CLANG_WARN_OBJC_ROOT_CLASS = YES_ERROR;
				CLANG_WARN_UNREACHABLE_CODE = YES;
				CLANG_WARN__DUPLICATE_METHOD_MATCH = YES;
				"CODE_SIGN_IDENTITY[sdk=iphoneos*]" = "iPhone Developer";
				COPY_PHASE_STRIP = NO;
				DEBUG_INFORMATION_FORMAT = dwarf;
				ENABLE_STRICT_OBJC_MSGSEND = YES;
				ENABLE_TESTABILITY = YES;
				GCC_C_LANGUAGE_STANDARD = gnu99;
				GCC_DYNAMIC_NO_PIC = NO;
				GCC_NO_COMMON_BLOCKS = YES;
				GCC_OPTIMIZATION_LEVEL = 0;
				GCC_PREPROCESSOR_DEFINITIONS = (
					"DEBUG=1",
					"$(inherited)",
				);
				GCC_WARN_64_TO_32_BIT_CONVERSION = YES;
				GCC_WARN_ABOUT_RETURN_TYPE = YES_ERROR;
				GCC_WARN_UNDECLARED_SELECTOR = YES;
				GCC_WARN_UNINITIALIZED_AUTOS = YES_AGGRESSIVE;
				GCC_WARN_UNUSED_FUNCTION = YES;
				GCC_WARN_UNUSED_VARIABLE = YES;
				IPHONEOS_DEPLOYMENT_TARGET = 9.3;
				MTL_ENABLE_DEBUG_INFO = YES;
				ONLY_ACTIVE_ARCH = YES;
				SDKROOT = iphoneos;
				SWIFT_OPTIMIZATION_LEVEL = "-Onone";
				TARGETED_DEVICE_FAMILY = "1,2";
			};
			name = Debug;
		};
		100913971DD25C410050AE43 /* Release */ = {
			isa = XCBuildConfiguration;
			buildSettings = {
				ALWAYS_SEARCH_USER_PATHS = NO;
				CLANG_ANALYZER_NONNULL = YES;
				CLANG_CXX_LANGUAGE_STANDARD = "gnu++0x";
				CLANG_CXX_LIBRARY = "libc++";
				CLANG_ENABLE_MODULES = YES;
				CLANG_ENABLE_OBJC_ARC = YES;
				CLANG_WARN_BOOL_CONVERSION = YES;
				CLANG_WARN_CONSTANT_CONVERSION = YES;
				CLANG_WARN_DIRECT_OBJC_ISA_USAGE = YES_ERROR;
				CLANG_WARN_EMPTY_BODY = YES;
				CLANG_WARN_ENUM_CONVERSION = YES;
				CLANG_WARN_INT_CONVERSION = YES;
				CLANG_WARN_OBJC_ROOT_CLASS = YES_ERROR;
				CLANG_WARN_UNREACHABLE_CODE = YES;
				CLANG_WARN__DUPLICATE_METHOD_MATCH = YES;
				"CODE_SIGN_IDENTITY[sdk=iphoneos*]" = "iPhone Developer";
				COPY_PHASE_STRIP = NO;
				DEBUG_INFORMATION_FORMAT = "dwarf-with-dsym";
				ENABLE_NS_ASSERTIONS = NO;
				ENABLE_STRICT_OBJC_MSGSEND = YES;
				GCC_C_LANGUAGE_STANDARD = gnu99;
				GCC_NO_COMMON_BLOCKS = YES;
				GCC_WARN_64_TO_32_BIT_CONVERSION = YES;
				GCC_WARN_ABOUT_RETURN_TYPE = YES_ERROR;
				GCC_WARN_UNDECLARED_SELECTOR = YES;
				GCC_WARN_UNINITIALIZED_AUTOS = YES_AGGRESSIVE;
				GCC_WARN_UNUSED_FUNCTION = YES;
				GCC_WARN_UNUSED_VARIABLE = YES;
				IPHONEOS_DEPLOYMENT_TARGET = 9.3;
				MTL_ENABLE_DEBUG_INFO = NO;
				SDKROOT = iphoneos;
				TARGETED_DEVICE_FAMILY = "1,2";
				VALIDATE_PRODUCT = YES;
			};
			name = Release;
		};
		100913991DD25C410050AE43 /* Debug */ = {
			isa = XCBuildConfiguration;
			baseConfigurationReference = AA428ED891D6D118B7CF3E7D /* Pods-d214Pathways.debug.xcconfig */;
			buildSettings = {
				ASSETCATALOG_COMPILER_APPICON_NAME = AppIcon;
				CODE_SIGN_IDENTITY = "iPhone Developer";
				"CODE_SIGN_IDENTITY[sdk=iphoneos*]" = "iPhone Developer";
				INFOPLIST_FILE = d214Pathways/Info.plist;
				LD_RUNPATH_SEARCH_PATHS = "$(inherited) @executable_path/Frameworks";
				PRODUCT_BUNDLE_IDENTIFIER = phs.d214Pathways;
				PRODUCT_NAME = "$(TARGET_NAME)";
				PROVISIONING_PROFILE = "";
			};
			name = Debug;
		};
		1009139A1DD25C410050AE43 /* Release */ = {
			isa = XCBuildConfiguration;
			baseConfigurationReference = 2C1BEC7A55AEBA070F5B168F /* Pods-d214Pathways.release.xcconfig */;
			buildSettings = {
				ASSETCATALOG_COMPILER_APPICON_NAME = AppIcon;
				CODE_SIGN_IDENTITY = "iPhone Developer";
				"CODE_SIGN_IDENTITY[sdk=iphoneos*]" = "iPhone Developer";
				INFOPLIST_FILE = d214Pathways/Info.plist;
				LD_RUNPATH_SEARCH_PATHS = "$(inherited) @executable_path/Frameworks";
				PRODUCT_BUNDLE_IDENTIFIER = phs.d214Pathways;
				PRODUCT_NAME = "$(TARGET_NAME)";
				PROVISIONING_PROFILE = "";
			};
			name = Release;
		};
/* End XCBuildConfiguration section */

/* Begin XCConfigurationList section */
		1009137E1DD25C400050AE43 /* Build configuration list for PBXProject "d214Pathways" */ = {
			isa = XCConfigurationList;
			buildConfigurations = (
				100913961DD25C410050AE43 /* Debug */,
				100913971DD25C410050AE43 /* Release */,
			);
			defaultConfigurationIsVisible = 0;
			defaultConfigurationName = Release;
		};
		100913981DD25C410050AE43 /* Build configuration list for PBXNativeTarget "d214Pathways" */ = {
			isa = XCConfigurationList;
			buildConfigurations = (
				100913991DD25C410050AE43 /* Debug */,
				1009139A1DD25C410050AE43 /* Release */,
			);
			defaultConfigurationIsVisible = 0;
			defaultConfigurationName = Release;
		};
/* End XCConfigurationList section */

/* Begin XCVersionGroup section */
		1009138D1DD25C410050AE43 /* d214Pathways.xcdatamodeld */ = {
			isa = XCVersionGroup;
			children = (
				1009138E1DD25C410050AE43 /* d214Pathways.xcdatamodel */,
			);
			currentVersion = 1009138E1DD25C410050AE43 /* d214Pathways.xcdatamodel */;
			path = d214Pathways.xcdatamodeld;
			sourceTree = "<group>";
			versionGroupType = wrapper.xcdatamodel;
		};
/* End XCVersionGroup section */
	};
	rootObject = 1009137B1DD25C400050AE43 /* Project object */;
}
